
Microsoft Visual Studio Solution File, Format Version 12.00
# Visual Studio Version 17
VisualStudioVersion = 17.11.35208.52
MinimumVisualStudioVersion = 10.0.40219.1
Project("{FAE04EC0-301F-11D3-BF4B-00C04F79EFBC}") = "Impresion de resultados", "Impresion de resultados.csproj", "{3F2F97C5-4505-47E3-8F97-F2606A7E2E07}"
EndProject
Global
	GlobalSection(SolutionConfigurationPlatforms) = preSolution
		Debug|Any CPU = Debug|Any CPU
		Release|Any CPU = Release|Any CPU
	EndGlobalSection
	GlobalSection(ProjectConfigurationPlatforms) = postSolution
		{3F2F97C5-4505-47E3-8F97-F2606A7E2E07}.Debug|Any CPU.ActiveCfg = Debug|Any CPU
		{3F2F97C5-4505-47E3-8F97-F2606A7E2E07}.Debug|Any CPU.Build.0 = Debug|Any CPU
		{3F2F97C5-4505-47E3-8F97-F2606A7E2E07}.Release|Any CPU.ActiveCfg = Release|Any CPU
		{3F2F97C5-4505-47E3-8F97-F2606A7E2E07}.Release|Any CPU.Build.0 = Release|Any CPU
	EndGlobalSection
	GlobalSection(SolutionProperties) = preSolution
		HideSolutionNode = FALSE
	EndGlobalSection
	GlobalSection(ExtensibilityGlobals) = postSolution
		SolutionGuid = {840B0102-11C8-447C-9F87-1D67EE7F7C02}
	EndGlobalSection
EndGlobal
